
Microsoft Visual Studio Solution File, Format Version 12.00
# Visual Studio Version 16
VisualStudioVersion = 16.0.30309.148
MinimumVisualStudioVersion = 10.0.40219.1
Project("{FAE04EC0-301F-11D3-BF4B-00C04F79EFBC}") = "FlooringMastery.UI", "FlooringMastery.UI.csproj", "{531860C2-4937-462C-A9C0-9775A0153877}"
EndProject
Project("{FAE04EC0-301F-11D3-BF4B-00C04F79EFBC}") = "FlooringMastery.Models", "..\FlooringMastery.Models\FlooringMastery.Models.csproj", "{5685B0C1-9FA8-433C-A165-FF20AF1CF634}"
EndProject
Project("{FAE04EC0-301F-11D3-BF4B-00C04F79EFBC}") = "FlooringMastery.BLL", "..\FlooringMastery.BLL\FlooringMastery.BLL.csproj", "{376A9D18-CA19-45E5-83D5-9D95BF801FC2}"
EndProject
Project("{FAE04EC0-301F-11D3-BF4B-00C04F79EFBC}") = "FlooringMastery.Data", "..\FlooringMastery.Data\FlooringMastery.Data.csproj", "{30BE30E9-46BE-46BC-B1D8-10D0AAE74777}"
EndProject
Project("{FAE04EC0-301F-11D3-BF4B-00C04F79EFBC}") = "FlooringMastery.Tests", "..\FlooringMastery.Tests\FlooringMastery.Tests.csproj", "{5A6CCBC1-E619-4F95-B897-80A7ADE06620}"
EndProject
Global
	GlobalSection(SolutionConfigurationPlatforms) = preSolution
		Debug|Any CPU = Debug|Any CPU
		Release|Any CPU = Release|Any CPU
	EndGlobalSection
	GlobalSection(ProjectConfigurationPlatforms) = postSolution
		{531860C2-4937-462C-A9C0-9775A0153877}.Debug|Any CPU.ActiveCfg = Debug|Any CPU
		{531860C2-4937-462C-A9C0-9775A0153877}.Debug|Any CPU.Build.0 = Debug|Any CPU
		{531860C2-4937-462C-A9C0-9775A0153877}.Release|Any CPU.ActiveCfg = Release|Any CPU
		{531860C2-4937-462C-A9C0-9775A0153877}.Release|Any CPU.Build.0 = Release|Any CPU
		{5685B0C1-9FA8-433C-A165-FF20AF1CF634}.Debug|Any CPU.ActiveCfg = Debug|Any CPU
		{5685B0C1-9FA8-433C-A165-FF20AF1CF634}.Debug|Any CPU.Build.0 = Debug|Any CPU
		{5685B0C1-9FA8-433C-A165-FF20AF1CF634}.Release|Any CPU.ActiveCfg = Release|Any CPU
		{5685B0C1-9FA8-433C-A165-FF20AF1CF634}.Release|Any CPU.Build.0 = Release|Any CPU
		{376A9D18-CA19-45E5-83D5-9D95BF801FC2}.Debug|Any CPU.ActiveCfg = Debug|Any CPU
		{376A9D18-CA19-45E5-83D5-9D95BF801FC2}.Debug|Any CPU.Build.0 = Debug|Any CPU
		{376A9D18-CA19-45E5-83D5-9D95BF801FC2}.Release|Any CPU.ActiveCfg = Release|Any CPU
		{376A9D18-CA19-45E5-83D5-9D95BF801FC2}.Release|Any CPU.Build.0 = Release|Any CPU
		{30BE30E9-46BE-46BC-B1D8-10D0AAE74777}.Debug|Any CPU.ActiveCfg = Debug|Any CPU
		{30BE30E9-46BE-46BC-B1D8-10D0AAE74777}.Debug|Any CPU.Build.0 = Debug|Any CPU
		{30BE30E9-46BE-46BC-B1D8-10D0AAE74777}.Release|Any CPU.ActiveCfg = Release|Any CPU
		{30BE30E9-46BE-46BC-B1D8-10D0AAE74777}.Release|Any CPU.Build.0 = Release|Any CPU
		{5A6CCBC1-E619-4F95-B897-80A7ADE06620}.Debug|Any CPU.ActiveCfg = Debug|Any CPU
		{5A6CCBC1-E619-4F95-B897-80A7ADE06620}.Debug|Any CPU.Build.0 = Debug|Any CPU
		{5A6CCBC1-E619-4F95-B897-80A7ADE06620}.Release|Any CPU.ActiveCfg = Release|Any CPU
		{5A6CCBC1-E619-4F95-B897-80A7ADE06620}.Release|Any CPU.Build.0 = Release|Any CPU
	EndGlobalSection
	GlobalSection(SolutionProperties) = preSolution
		HideSolutionNode = FALSE
	EndGlobalSection
	GlobalSection(ExtensibilityGlobals) = postSolution
		SolutionGuid = {8E63F470-0F11-4D5B-980E-336E9365BA4B}
	EndGlobalSection
EndGlobal
